
Microsoft Visual Studio Solution File, Format Version 11.00
# Visual Studio 2010
Project("{8BC9CEB8-8B4A-11D0-8D11-00A0C91BC942}") = "console", "console\console.vcxproj", "{3D9AD48B-1100-43EC-B2AF-EE37D078180C}"
EndProject
Project("{8BC9CEB8-8B4A-11D0-8D11-00A0C91BC942}") = "ConsoleTestDriver", "ConsoleTestDriver\ConsoleTestDriver.vcxproj", "{9F170FB8-8702-48B3-A339-6AC5E389714C}"
	ProjectSection(ProjectDependencies) = postProject
		{3D9AD48B-1100-43EC-B2AF-EE37D078180C} = {3D9AD48B-1100-43EC-B2AF-EE37D078180C}
	EndProjectSection
EndProject
Project("{8BC9CEB8-8B4A-11D0-8D11-00A0C91BC942}") = "ArrayClass", "ArrayClass\ArrayClass.vcxproj", "{2F51EAA0-13AB-49F9-9DC5-64B18811F40F}"
	ProjectSection(ProjectDependencies) = postProject
		{F4029A99-85F1-4AFF-A019-644D4F65F860} = {F4029A99-85F1-4AFF-A019-644D4F65F860}
	EndProjectSection
EndProject
Project("{8BC9CEB8-8B4A-11D0-8D11-00A0C91BC942}") = "Array2D", "Array2D\Array2D.vcxproj", "{4F4F6BC8-5892-4A8F-BB86-C57778D42045}"
	ProjectSection(ProjectDependencies) = postProject
		{F4029A99-85F1-4AFF-A019-644D4F65F860} = {F4029A99-85F1-4AFF-A019-644D4F65F860}
		{2F51EAA0-13AB-49F9-9DC5-64B18811F40F} = {2F51EAA0-13AB-49F9-9DC5-64B18811F40F}
	EndProjectSection
EndProject
Project("{8BC9CEB8-8B4A-11D0-8D11-00A0C91BC942}") = "Utils", "Utils\Utils.vcxproj", "{F4029A99-85F1-4AFF-A019-644D4F65F860}"
EndProject
Project("{8BC9CEB8-8B4A-11D0-8D11-00A0C91BC942}") = "Array2DMKII", "Array2DMKII\Array2DMKII.vcxproj", "{10C430A3-278A-4081-8460-8F5B3DAFAF96}"
EndProject
Project("{8BC9CEB8-8B4A-11D0-8D11-00A0C91BC942}") = "Alchemy", "Alchemy\Alchemy.vcxproj", "{492928B6-A3CE-4AE7-B493-B8BF0EE0F5CF}"
EndProject
Project("{8BC9CEB8-8B4A-11D0-8D11-00A0C91BC942}") = "alchemyMKII", "alchemyMKII\alchemyMKII.vcxproj", "{51614357-2122-422E-BF8E-2FB5661BC083}"
	ProjectSection(ProjectDependencies) = postProject
		{4F4F6BC8-5892-4A8F-BB86-C57778D42045} = {4F4F6BC8-5892-4A8F-BB86-C57778D42045}
	EndProjectSection
EndProject
Project("{8BC9CEB8-8B4A-11D0-8D11-00A0C91BC942}") = "SORTS", "SORTS\SORTS.vcxproj", "{4F563DB7-6599-4CC9-B36F-A859BFB4C318}"
EndProject
Project("{8BC9CEB8-8B4A-11D0-8D11-00A0C91BC942}") = "abs_LinkedList", "abs_LinkedList\abs_LinkedList.vcxproj", "{198348D1-5A85-42E6-9CC3-6BE8F31ED388}"
EndProject
Project("{8BC9CEB8-8B4A-11D0-8D11-00A0C91BC942}") = "Stack_ary", "Stack_ary\Stack_ary.vcxproj", "{6C36357A-7580-4AC3-84D9-76B2D6C5DF3D}"
	ProjectSection(ProjectDependencies) = postProject
		{2F51EAA0-13AB-49F9-9DC5-64B18811F40F} = {2F51EAA0-13AB-49F9-9DC5-64B18811F40F}
	EndProjectSection
EndProject
Project("{8BC9CEB8-8B4A-11D0-8D11-00A0C91BC942}") = "Stack_list", "Stack_list\Stack_list.vcxproj", "{3986D114-6C16-479D-843E-8604F59D1EA1}"
EndProject
Project("{8BC9CEB8-8B4A-11D0-8D11-00A0C91BC942}") = "Queue_ary", "Queue_ary\Queue_ary.vcxproj", "{E57188A4-B581-483D-9E0E-579262A9BFEE}"
EndProject
Project("{8BC9CEB8-8B4A-11D0-8D11-00A0C91BC942}") = "Queue_list", "Queue_list\Queue_list.vcxproj", "{C62609A1-D9DF-4A65-AB43-9C4E999AAC05}"
EndProject
Project("{8BC9CEB8-8B4A-11D0-8D11-00A0C91BC942}") = "Freecell", "Freecell\Freecell.vcxproj", "{23A74E77-0A63-4450-A373-53146E26C410}"
EndProject
Global
	GlobalSection(SolutionConfigurationPlatforms) = preSolution
		Debug|Win32 = Debug|Win32
		Release|Win32 = Release|Win32
	EndGlobalSection
	GlobalSection(ProjectConfigurationPlatforms) = postSolution
		{3D9AD48B-1100-43EC-B2AF-EE37D078180C}.Debug|Win32.ActiveCfg = Debug|Win32
		{3D9AD48B-1100-43EC-B2AF-EE37D078180C}.Debug|Win32.Build.0 = Debug|Win32
		{3D9AD48B-1100-43EC-B2AF-EE37D078180C}.Release|Win32.ActiveCfg = Release|Win32
		{3D9AD48B-1100-43EC-B2AF-EE37D078180C}.Release|Win32.Build.0 = Release|Win32
		{9F170FB8-8702-48B3-A339-6AC5E389714C}.Debug|Win32.ActiveCfg = Debug|Win32
		{9F170FB8-8702-48B3-A339-6AC5E389714C}.Debug|Win32.Build.0 = Debug|Win32
		{9F170FB8-8702-48B3-A339-6AC5E389714C}.Release|Win32.ActiveCfg = Release|Win32
		{9F170FB8-8702-48B3-A339-6AC5E389714C}.Release|Win32.Build.0 = Release|Win32
		{2F51EAA0-13AB-49F9-9DC5-64B18811F40F}.Debug|Win32.ActiveCfg = Debug|Win32
		{2F51EAA0-13AB-49F9-9DC5-64B18811F40F}.Debug|Win32.Build.0 = Debug|Win32
		{2F51EAA0-13AB-49F9-9DC5-64B18811F40F}.Release|Win32.ActiveCfg = Release|Win32
		{2F51EAA0-13AB-49F9-9DC5-64B18811F40F}.Release|Win32.Build.0 = Release|Win32
		{4F4F6BC8-5892-4A8F-BB86-C57778D42045}.Debug|Win32.ActiveCfg = Debug|Win32
		{4F4F6BC8-5892-4A8F-BB86-C57778D42045}.Debug|Win32.Build.0 = Debug|Win32
		{4F4F6BC8-5892-4A8F-BB86-C57778D42045}.Release|Win32.ActiveCfg = Release|Win32
		{4F4F6BC8-5892-4A8F-BB86-C57778D42045}.Release|Win32.Build.0 = Release|Win32
		{F4029A99-85F1-4AFF-A019-644D4F65F860}.Debug|Win32.ActiveCfg = Debug|Win32
		{F4029A99-85F1-4AFF-A019-644D4F65F860}.Debug|Win32.Build.0 = Debug|Win32
		{F4029A99-85F1-4AFF-A019-644D4F65F860}.Release|Win32.ActiveCfg = Release|Win32
		{F4029A99-85F1-4AFF-A019-644D4F65F860}.Release|Win32.Build.0 = Release|Win32
		{10C430A3-278A-4081-8460-8F5B3DAFAF96}.Debug|Win32.ActiveCfg = Debug|Win32
		{10C430A3-278A-4081-8460-8F5B3DAFAF96}.Debug|Win32.Build.0 = Debug|Win32
		{10C430A3-278A-4081-8460-8F5B3DAFAF96}.Release|Win32.ActiveCfg = Release|Win32
		{10C430A3-278A-4081-8460-8F5B3DAFAF96}.Release|Win32.Build.0 = Release|Win32
		{492928B6-A3CE-4AE7-B493-B8BF0EE0F5CF}.Debug|Win32.ActiveCfg = Debug|Win32
		{492928B6-A3CE-4AE7-B493-B8BF0EE0F5CF}.Debug|Win32.Build.0 = Debug|Win32
		{492928B6-A3CE-4AE7-B493-B8BF0EE0F5CF}.Release|Win32.ActiveCfg = Release|Win32
		{492928B6-A3CE-4AE7-B493-B8BF0EE0F5CF}.Release|Win32.Build.0 = Release|Win32
		{51614357-2122-422E-BF8E-2FB5661BC083}.Debug|Win32.ActiveCfg = Debug|Win32
		{51614357-2122-422E-BF8E-2FB5661BC083}.Debug|Win32.Build.0 = Debug|Win32
		{51614357-2122-422E-BF8E-2FB5661BC083}.Release|Win32.ActiveCfg = Release|Win32
		{51614357-2122-422E-BF8E-2FB5661BC083}.Release|Win32.Build.0 = Release|Win32
		{4F563DB7-6599-4CC9-B36F-A859BFB4C318}.Debug|Win32.ActiveCfg = Debug|Win32
		{4F563DB7-6599-4CC9-B36F-A859BFB4C318}.Debug|Win32.Build.0 = Debug|Win32
		{4F563DB7-6599-4CC9-B36F-A859BFB4C318}.Release|Win32.ActiveCfg = Release|Win32
		{4F563DB7-6599-4CC9-B36F-A859BFB4C318}.Release|Win32.Build.0 = Release|Win32
		{198348D1-5A85-42E6-9CC3-6BE8F31ED388}.Debug|Win32.ActiveCfg = Debug|Win32
		{198348D1-5A85-42E6-9CC3-6BE8F31ED388}.Debug|Win32.Build.0 = Debug|Win32
		{198348D1-5A85-42E6-9CC3-6BE8F31ED388}.Release|Win32.ActiveCfg = Release|Win32
		{198348D1-5A85-42E6-9CC3-6BE8F31ED388}.Release|Win32.Build.0 = Release|Win32
		{6C36357A-7580-4AC3-84D9-76B2D6C5DF3D}.Debug|Win32.ActiveCfg = Debug|Win32
		{6C36357A-7580-4AC3-84D9-76B2D6C5DF3D}.Debug|Win32.Build.0 = Debug|Win32
		{6C36357A-7580-4AC3-84D9-76B2D6C5DF3D}.Release|Win32.ActiveCfg = Release|Win32
		{6C36357A-7580-4AC3-84D9-76B2D6C5DF3D}.Release|Win32.Build.0 = Release|Win32
		{3986D114-6C16-479D-843E-8604F59D1EA1}.Debug|Win32.ActiveCfg = Debug|Win32
		{3986D114-6C16-479D-843E-8604F59D1EA1}.Debug|Win32.Build.0 = Debug|Win32
		{3986D114-6C16-479D-843E-8604F59D1EA1}.Release|Win32.ActiveCfg = Release|Win32
		{3986D114-6C16-479D-843E-8604F59D1EA1}.Release|Win32.Build.0 = Release|Win32
		{E57188A4-B581-483D-9E0E-579262A9BFEE}.Debug|Win32.ActiveCfg = Debug|Win32
		{E57188A4-B581-483D-9E0E-579262A9BFEE}.Debug|Win32.Build.0 = Debug|Win32
		{E57188A4-B581-483D-9E0E-579262A9BFEE}.Release|Win32.ActiveCfg = Release|Win32
		{E57188A4-B581-483D-9E0E-579262A9BFEE}.Release|Win32.Build.0 = Release|Win32
		{C62609A1-D9DF-4A65-AB43-9C4E999AAC05}.Debug|Win32.ActiveCfg = Debug|Win32
		{C62609A1-D9DF-4A65-AB43-9C4E999AAC05}.Debug|Win32.Build.0 = Debug|Win32
		{C62609A1-D9DF-4A65-AB43-9C4E999AAC05}.Release|Win32.ActiveCfg = Release|Win32
		{C62609A1-D9DF-4A65-AB43-9C4E999AAC05}.Release|Win32.Build.0 = Release|Win32
		{23A74E77-0A63-4450-A373-53146E26C410}.Debug|Win32.ActiveCfg = Debug|Win32
		{23A74E77-0A63-4450-A373-53146E26C410}.Debug|Win32.Build.0 = Debug|Win32
		{23A74E77-0A63-4450-A373-53146E26C410}.Release|Win32.ActiveCfg = Release|Win32
		{23A74E77-0A63-4450-A373-53146E26C410}.Release|Win32.Build.0 = Release|Win32
	EndGlobalSection
	GlobalSection(SolutionProperties) = preSolution
		HideSolutionNode = FALSE
	EndGlobalSection
EndGlobal
